
Microsoft Visual Studio Solution File, Format Version 12.00
# Visual Studio 15
VisualStudioVersion = 15.0.27703.2026
MinimumVisualStudioVersion = 10.0.40219.1
Project("{FAE04EC0-301F-11D3-BF4B-00C04F79EFBC}") = "MapResize", "MapResize\MapResize.csproj", "{9641D435-4530-45A5-935A-58D15AC915FA}"
EndProject
Global
	GlobalSection(SolutionConfigurationPlatforms) = preSolution
		Debug|Any CPU = Debug|Any CPU
		Release|Any CPU = Release|Any CPU
	EndGlobalSection
	GlobalSection(ProjectConfigurationPlatforms) = postSolution
		{9641D435-4530-45A5-935A-58D15AC915FA}.Debug|Any CPU.ActiveCfg = Debug|Any CPU
		{9641D435-4530-45A5-935A-58D15AC915FA}.Debug|Any CPU.Build.0 = Debug|Any CPU
		{9641D435-4530-45A5-935A-58D15AC915FA}.Release|Any CPU.ActiveCfg = Release|Any CPU
		{9641D435-4530-45A5-935A-58D15AC915FA}.Release|Any CPU.Build.0 = Release|Any CPU
	EndGlobalSection
	GlobalSection(SolutionProperties) = preSolution
		HideSolutionNode = FALSE
	EndGlobalSection
	GlobalSection(ExtensibilityGlobals) = postSolution
		SolutionGuid = {535C603B-181F-43E6-BE9F-85FE9CC96079}
	EndGlobalSection
EndGlobal
